// !$*UTF8*$!
{
	archiveVersion = 1;
	classes = {
	};
	objectVersion = 56;
	objects = {

/* Begin PBXBuildFile section */
		29416F4188B76180CD5C277F /* Pods_Billy.framework in Frameworks */ = {isa = PBXBuildFile; fileRef = 89C856A0914A64D266BF7F54 /* Pods_Billy.framework */; };
		2DDB0DBA2956349D00DA6B0C /* BillyApp.swift in Sources */ = {isa = PBXBuildFile; fileRef = 2DDB0DB92956349D00DA6B0C /* BillyApp.swift */; };
		2DDB0DBC2956349D00DA6B0C /* MainView.swift in Sources */ = {isa = PBXBuildFile; fileRef = 2DDB0DBB2956349D00DA6B0C /* MainView.swift */; };
		2DDB0DBE2956349F00DA6B0C /* Assets.xcassets in Resources */ = {isa = PBXBuildFile; fileRef = 2DDB0DBD2956349F00DA6B0C /* Assets.xcassets */; };
		2DDB0DC12956349F00DA6B0C /* Preview Assets.xcassets in Resources */ = {isa = PBXBuildFile; fileRef = 2DDB0DC02956349F00DA6B0C /* Preview Assets.xcassets */; };
		2DDB0DD0295635DF00DA6B0C /* DocumentScanner.swift in Sources */ = {isa = PBXBuildFile; fileRef = 2DDB0DCF295635DF00DA6B0C /* DocumentScanner.swift */; };
		2DDB0DD32956360000DA6B0C /* PhotoLibrary.swift in Sources */ = {isa = PBXBuildFile; fileRef = 2DDB0DD22956360000DA6B0C /* PhotoLibrary.swift */; };
		2DDB0DD52956361C00DA6B0C /* ResourceView.swift in Sources */ = {isa = PBXBuildFile; fileRef = 2DDB0DD42956361C00DA6B0C /* ResourceView.swift */; };
		2DDB0DD72956363300DA6B0C /* ExpenseList.swift in Sources */ = {isa = PBXBuildFile; fileRef = 2DDB0DD62956363300DA6B0C /* ExpenseList.swift */; };
		2DDB0DDB295637E900DA6B0C /* RealmManager.swift in Sources */ = {isa = PBXBuildFile; fileRef = 2DDB0DDA295637E900DA6B0C /* RealmManager.swift */; };
/* End PBXBuildFile section */

/* Begin PBXFileReference section */
		2DDB0DB62956349D00DA6B0C /* Billy.app */ = {isa = PBXFileReference; explicitFileType = wrapper.application; includeInIndex = 0; path = Billy.app; sourceTree = BUILT_PRODUCTS_DIR; };
		2DDB0DB92956349D00DA6B0C /* BillyApp.swift */ = {isa = PBXFileReference; lastKnownFileType = sourcecode.swift; path = BillyApp.swift; sourceTree = "<group>"; };
		2DDB0DBB2956349D00DA6B0C /* MainView.swift */ = {isa = PBXFileReference; lastKnownFileType = sourcecode.swift; path = MainView.swift; sourceTree = "<group>"; };
		2DDB0DBD2956349F00DA6B0C /* Assets.xcassets */ = {isa = PBXFileReference; lastKnownFileType = folder.assetcatalog; path = Assets.xcassets; sourceTree = "<group>"; };
		2DDB0DC02956349F00DA6B0C /* Preview Assets.xcassets */ = {isa = PBXFileReference; lastKnownFileType = folder.assetcatalog; path = "Preview Assets.xcassets"; sourceTree = "<group>"; };
		2DDB0DCF295635DF00DA6B0C /* DocumentScanner.swift */ = {isa = PBXFileReference; lastKnownFileType = sourcecode.swift; path = DocumentScanner.swift; sourceTree = "<group>"; };
		2DDB0DD22956360000DA6B0C /* PhotoLibrary.swift */ = {isa = PBXFileReference; lastKnownFileType = sourcecode.swift; path = PhotoLibrary.swift; sourceTree = "<group>"; };
		2DDB0DD42956361C00DA6B0C /* ResourceView.swift */ = {isa = PBXFileReference; lastKnownFileType = sourcecode.swift; path = ResourceView.swift; sourceTree = "<group>"; };
		2DDB0DD62956363300DA6B0C /* ExpenseList.swift */ = {isa = PBXFileReference; lastKnownFileType = sourcecode.swift; path = ExpenseList.swift; sourceTree = "<group>"; };
		2DDB0DDA295637E900DA6B0C /* RealmManager.swift */ = {isa = PBXFileReference; lastKnownFileType = sourcecode.swift; path = RealmManager.swift; sourceTree = "<group>"; };
		80A85B6D4D950BF60E005F3F /* Pods-Billy.release.xcconfig */ = {isa = PBXFileReference; includeInIndex = 1; lastKnownFileType = text.xcconfig; name = "Pods-Billy.release.xcconfig"; path = "Target Support Files/Pods-Billy/Pods-Billy.release.xcconfig"; sourceTree = "<group>"; };
		89C856A0914A64D266BF7F54 /* Pods_Billy.framework */ = {isa = PBXFileReference; explicitFileType = wrapper.framework; includeInIndex = 0; path = Pods_Billy.framework; sourceTree = BUILT_PRODUCTS_DIR; };
		A1809F09A43FAECD731E5DBF /* Pods-Billy.debug.xcconfig */ = {isa = PBXFileReference; includeInIndex = 1; lastKnownFileType = text.xcconfig; name = "Pods-Billy.debug.xcconfig"; path = "Target Support Files/Pods-Billy/Pods-Billy.debug.xcconfig"; sourceTree = "<group>"; };
/* End PBXFileReference section */

/* Begin PBXFrameworksBuildPhase section */
		2DDB0DB32956349D00DA6B0C /* Frameworks */ = {
			isa = PBXFrameworksBuildPhase;
			buildActionMask = 2147483647;
			files = (
				29416F4188B76180CD5C277F /* Pods_Billy.framework in Frameworks */,
			);
			runOnlyForDeploymentPostprocessing = 0;
		};
/* End PBXFrameworksBuildPhase section */

/* Begin PBXGroup section */
		2DDB0DAD2956349D00DA6B0C = {
			isa = PBXGroup;
			children = (
				2DDB0DB82956349D00DA6B0C /* Billy */,
				2DDB0DB72956349D00DA6B0C /* Products */,
				C539263C77A5D75C2507807B /* Pods */,
				7C4B44184F4A49DC44DA04D5 /* Frameworks */,
			);
			sourceTree = "<group>";
		};
		2DDB0DB72956349D00DA6B0C /* Products */ = {
			isa = PBXGroup;
			children = (
				2DDB0DB62956349D00DA6B0C /* Billy.app */,
			);
			name = Products;
			sourceTree = "<group>";
		};
		2DDB0DB82956349D00DA6B0C /* Billy */ = {
			isa = PBXGroup;
			children = (
				2DDB0DD8295637AE00DA6B0C /* Utility */,
				2DDB0DC9295634D100DA6B0C /* Misc */,
				2DDB0DC8295634C700DA6B0C /* Scene */,
				2DDB0DC7295634BD00DA6B0C /* Component */,
				2DDB0DBF2956349F00DA6B0C /* Preview Content */,
			);
			path = Billy;
			sourceTree = "<group>";
		};
		2DDB0DBF2956349F00DA6B0C /* Preview Content */ = {
			isa = PBXGroup;
			children = (
				2DDB0DC02956349F00DA6B0C /* Preview Assets.xcassets */,
			);
			path = "Preview Content";
			sourceTree = "<group>";
		};
		2DDB0DC7295634BD00DA6B0C /* Component */ = {
			isa = PBXGroup;
			children = (
			);
			path = Component;
			sourceTree = "<group>";
		};
		2DDB0DC8295634C700DA6B0C /* Scene */ = {
			isa = PBXGroup;
			children = (
				2DDB0DCC2956358600DA6B0C /* ResourceView */,
				2DDB0DCB2956356B00DA6B0C /* ExpenseList */,
				2DDB0DCA2956356300DA6B0C /* Main */,
			);
			path = Scene;
			sourceTree = "<group>";
		};
		2DDB0DC9295634D100DA6B0C /* Misc */ = {
			isa = PBXGroup;
			children = (
				2DDB0DBD2956349F00DA6B0C /* Assets.xcassets */,
				2DDB0DB92956349D00DA6B0C /* BillyApp.swift */,
			);
			path = Misc;
			sourceTree = "<group>";
		};
		2DDB0DCA2956356300DA6B0C /* Main */ = {
			isa = PBXGroup;
			children = (
				2DDB0DBB2956349D00DA6B0C /* MainView.swift */,
			);
			path = Main;
			sourceTree = "<group>";
		};
		2DDB0DCB2956356B00DA6B0C /* ExpenseList */ = {
			isa = PBXGroup;
			children = (
				2DDB0DD62956363300DA6B0C /* ExpenseList.swift */,
			);
			path = ExpenseList;
			sourceTree = "<group>";
		};
		2DDB0DCC2956358600DA6B0C /* ResourceView */ = {
			isa = PBXGroup;
			children = (
				2DDB0DCE295635B400DA6B0C /* PhotoLibrary */,
				2DDB0DCD2956359F00DA6B0C /* DocumentScanner */,
				2DDB0DD42956361C00DA6B0C /* ResourceView.swift */,
			);
			path = ResourceView;
			sourceTree = "<group>";
		};
		2DDB0DCD2956359F00DA6B0C /* DocumentScanner */ = {
			isa = PBXGroup;
			children = (
				2DDB0DCF295635DF00DA6B0C /* DocumentScanner.swift */,
			);
			path = DocumentScanner;
			sourceTree = "<group>";
		};
		2DDB0DCE295635B400DA6B0C /* PhotoLibrary */ = {
			isa = PBXGroup;
			children = (
				2DDB0DD22956360000DA6B0C /* PhotoLibrary.swift */,
			);
			path = PhotoLibrary;
			sourceTree = "<group>";
		};
		2DDB0DD8295637AE00DA6B0C /* Utility */ = {
			isa = PBXGroup;
			children = (
				2DDB0DD9295637D100DA6B0C /* Database */,
			);
			path = Utility;
			sourceTree = "<group>";
		};
		2DDB0DD9295637D100DA6B0C /* Database */ = {
			isa = PBXGroup;
			children = (
				2DDB0DDA295637E900DA6B0C /* RealmManager.swift */,
			);
			path = Database;
			sourceTree = "<group>";
		};
		7C4B44184F4A49DC44DA04D5 /* Frameworks */ = {
			isa = PBXGroup;
			children = (
				89C856A0914A64D266BF7F54 /* Pods_Billy.framework */,
			);
			name = Frameworks;
			sourceTree = "<group>";
		};
		C539263C77A5D75C2507807B /* Pods */ = {
			isa = PBXGroup;
			children = (
				A1809F09A43FAECD731E5DBF /* Pods-Billy.debug.xcconfig */,
				80A85B6D4D950BF60E005F3F /* Pods-Billy.release.xcconfig */,
			);
			name = Pods;
			path = Pods;
			sourceTree = "<group>";
		};
/* End PBXGroup section */

/* Begin PBXNativeTarget section */
		2DDB0DB52956349D00DA6B0C /* Billy */ = {
			isa = PBXNativeTarget;
			buildConfigurationList = 2DDB0DC42956349F00DA6B0C /* Build configuration list for PBXNativeTarget "Billy" */;
			buildPhases = (
				2F9C48E78B687251FB8C4F66 /* [CP] Check Pods Manifest.lock */,
				2DDB0DB22956349D00DA6B0C /* Sources */,
				2DDB0DB32956349D00DA6B0C /* Frameworks */,
				2DDB0DB42956349D00DA6B0C /* Resources */,
				4E8A597AB618D03314CF1684 /* [CP] Embed Pods Frameworks */,
			);
			buildRules = (
			);
			dependencies = (
			);
			name = Billy;
			productName = Billy;
			productReference = 2DDB0DB62956349D00DA6B0C /* Billy.app */;
			productType = "com.apple.product-type.application";
		};
/* End PBXNativeTarget section */

/* Begin PBXProject section */
		2DDB0DAE2956349D00DA6B0C /* Project object */ = {
			isa = PBXProject;
			attributes = {
				BuildIndependentTargetsInParallel = 1;
				LastSwiftUpdateCheck = 1410;
				LastUpgradeCheck = 1410;
				TargetAttributes = {
					2DDB0DB52956349D00DA6B0C = {
						CreatedOnToolsVersion = 14.1;
					};
				};
			};
			buildConfigurationList = 2DDB0DB12956349D00DA6B0C /* Build configuration list for PBXProject "Billy" */;
			compatibilityVersion = "Xcode 14.0";
			developmentRegion = en;
			hasScannedForEncodings = 0;
			knownRegions = (
				en,
				Base,
			);
			mainGroup = 2DDB0DAD2956349D00DA6B0C;
			productRefGroup = 2DDB0DB72956349D00DA6B0C /* Products */;
			projectDirPath = "";
			projectRoot = "";
			targets = (
				2DDB0DB52956349D00DA6B0C /* Billy */,
			);
		};
/* End PBXProject section */

/* Begin PBXResourcesBuildPhase section */
		2DDB0DB42956349D00DA6B0C /* Resources */ = {
			isa = PBXResourcesBuildPhase;
			buildActionMask = 2147483647;
			files = (
				2DDB0DC12956349F00DA6B0C /* Preview Assets.xcassets in Resources */,
				2DDB0DBE2956349F00DA6B0C /* Assets.xcassets in Resources */,
			);
			runOnlyForDeploymentPostprocessing = 0;
		};
/* End PBXResourcesBuildPhase section */

/* Begin PBXShellScriptBuildPhase section */
		2F9C48E78B687251FB8C4F66 /* [CP] Check Pods Manifest.lock */ = {
			isa = PBXShellScriptBuildPhase;
			buildActionMask = 2147483647;
			files = (
			);
			inputFileListPaths = (
			);
			inputPaths = (
				"${PODS_PODFILE_DIR_PATH}/Podfile.lock",
				"${PODS_ROOT}/Manifest.lock",
			);
			name = "[CP] Check Pods Manifest.lock";
			outputFileListPaths = (
			);
			outputPaths = (
				"$(DERIVED_FILE_DIR)/Pods-Billy-checkManifestLockResult.txt",
			);
			runOnlyForDeploymentPostprocessing = 0;
			shellPath = /bin/sh;
			shellScript = "diff \"${PODS_PODFILE_DIR_PATH}/Podfile.lock\" \"${PODS_ROOT}/Manifest.lock\" > /dev/null\nif [ $? != 0 ] ; then\n    # print error to STDERR\n    echo \"error: The sandbox is not in sync with the Podfile.lock. Run 'pod install' or update your CocoaPods installation.\" >&2\n    exit 1\nfi\n# This output is used by Xcode 'outputs' to avoid re-running this script phase.\necho \"SUCCESS\" > \"${SCRIPT_OUTPUT_FILE_0}\"\n";
			showEnvVarsInLog = 0;
		};
		4E8A597AB618D03314CF1684 /* [CP] Embed Pods Frameworks */ = {
			isa = PBXShellScriptBuildPhase;
			buildActionMask = 2147483647;
			files = (
			);
			inputFileListPaths = (
				"${PODS_ROOT}/Target Support Files/Pods-Billy/Pods-Billy-frameworks-${CONFIGURATION}-input-files.xcfilelist",
			);
			name = "[CP] Embed Pods Frameworks";
			outputFileListPaths = (
				"${PODS_ROOT}/Target Support Files/Pods-Billy/Pods-Billy-frameworks-${CONFIGURATION}-output-files.xcfilelist",
			);
			runOnlyForDeploymentPostprocessing = 0;
			shellPath = /bin/sh;
			shellScript = "\"${PODS_ROOT}/Target Support Files/Pods-Billy/Pods-Billy-frameworks.sh\"\n";
			showEnvVarsInLog = 0;
		};
/* End PBXShellScriptBuildPhase section */

/* Begin PBXSourcesBuildPhase section */
		2DDB0DB22956349D00DA6B0C /* Sources */ = {
			isa = PBXSourcesBuildPhase;
			buildActionMask = 2147483647;
			files = (
				2DDB0DD32956360000DA6B0C /* PhotoLibrary.swift in Sources */,
				2DDB0DD52956361C00DA6B0C /* ResourceView.swift in Sources */,
				2DDB0DBC2956349D00DA6B0C /* MainView.swift in Sources */,
				2DDB0DBA2956349D00DA6B0C /* BillyApp.swift in Sources */,
				2DDB0DD72956363300DA6B0C /* ExpenseList.swift in Sources */,
				2DDB0DDB295637E900DA6B0C /* RealmManager.swift in Sources */,
				2DDB0DD0295635DF00DA6B0C /* DocumentScanner.swift in Sources */,
			);
			runOnlyForDeploymentPostprocessing = 0;
		};
/* End PBXSourcesBuildPhase section */

/* Begin XCBuildConfiguration section */
		2DDB0DC22956349F00DA6B0C /* Debug */ = {
			isa = XCBuildConfiguration;
			buildSettings = {
				ALWAYS_SEARCH_USER_PATHS = NO;
				CLANG_ANALYZER_NONNULL = YES;
				CLANG_ANALYZER_NUMBER_OBJECT_CONVERSION = YES_AGGRESSIVE;
				CLANG_CXX_LANGUAGE_STANDARD = "gnu++20";
				CLANG_ENABLE_MODULES = YES;
				CLANG_ENABLE_OBJC_ARC = YES;
				CLANG_ENABLE_OBJC_WEAK = YES;
				CLANG_WARN_BLOCK_CAPTURE_AUTORELEASING = YES;
				CLANG_WARN_BOOL_CONVERSION = YES;
				CLANG_WARN_COMMA = YES;
				CLANG_WARN_CONSTANT_CONVERSION = YES;
				CLANG_WARN_DEPRECATED_OBJC_IMPLEMENTATIONS = YES;
				CLANG_WARN_DIRECT_OBJC_ISA_USAGE = YES_ERROR;
				CLANG_WARN_DOCUMENTATION_COMMENTS = YES;
				CLANG_WARN_EMPTY_BODY = YES;
				CLANG_WARN_ENUM_CONVERSION = YES;
				CLANG_WARN_INFINITE_RECURSION = YES;
				CLANG_WARN_INT_CONVERSION = YES;
				CLANG_WARN_NON_LITERAL_NULL_CONVERSION = YES;
				CLANG_WARN_OBJC_IMPLICIT_RETAIN_SELF = YES;
				CLANG_WARN_OBJC_LITERAL_CONVERSION = YES;
				CLANG_WARN_OBJC_ROOT_CLASS = YES_ERROR;
				CLANG_WARN_QUOTED_INCLUDE_IN_FRAMEWORK_HEADER = YES;
				CLANG_WARN_RANGE_LOOP_ANALYSIS = YES;
				CLANG_WARN_STRICT_PROTOTYPES = YES;
				CLANG_WARN_SUSPICIOUS_MOVE = YES;
				CLANG_WARN_UNGUARDED_AVAILABILITY = YES_AGGRESSIVE;
				CLANG_WARN_UNREACHABLE_CODE = YES;
				CLANG_WARN__DUPLICATE_METHOD_MATCH = YES;
				COPY_PHASE_STRIP = NO;
				DEBUG_INFORMATION_FORMAT = dwarf;
				ENABLE_STRICT_OBJC_MSGSEND = YES;
				ENABLE_TESTABILITY = YES;
				GCC_C_LANGUAGE_STANDARD = gnu11;
				GCC_DYNAMIC_NO_PIC = NO;
				GCC_NO_COMMON_BLOCKS = YES;
				GCC_OPTIMIZATION_LEVEL = 0;
				GCC_PREPROCESSOR_DEFINITIONS = (
					"DEBUG=1",
					"$(inherited)",
				);
				GCC_WARN_64_TO_32_BIT_CONVERSION = YES;
				GCC_WARN_ABOUT_RETURN_TYPE = YES_ERROR;
				GCC_WARN_UNDECLARED_SELECTOR = YES;
				GCC_WARN_UNINITIALIZED_AUTOS = YES_AGGRESSIVE;
				GCC_WARN_UNUSED_FUNCTION = YES;
				GCC_WARN_UNUSED_VARIABLE = YES;
				IPHONEOS_DEPLOYMENT_TARGET = 16.1;
				MTL_ENABLE_DEBUG_INFO = INCLUDE_SOURCE;
				MTL_FAST_MATH = YES;
				ONLY_ACTIVE_ARCH = YES;
				SDKROOT = iphoneos;
				SWIFT_ACTIVE_COMPILATION_CONDITIONS = DEBUG;
				SWIFT_OPTIMIZATION_LEVEL = "-Onone";
			};
			name = Debug;
		};
		2DDB0DC32956349F00DA6B0C /* Release */ = {
			isa = XCBuildConfiguration;
			buildSettings = {
				ALWAYS_SEARCH_USER_PATHS = NO;
				CLANG_ANALYZER_NONNULL = YES;
				CLANG_ANALYZER_NUMBER_OBJECT_CONVERSION = YES_AGGRESSIVE;
				CLANG_CXX_LANGUAGE_STANDARD = "gnu++20";
				CLANG_ENABLE_MODULES = YES;
				CLANG_ENABLE_OBJC_ARC = YES;
				CLANG_ENABLE_OBJC_WEAK = YES;
				CLANG_WARN_BLOCK_CAPTURE_AUTORELEASING = YES;
				CLANG_WARN_BOOL_CONVERSION = YES;
				CLANG_WARN_COMMA = YES;
				CLANG_WARN_CONSTANT_CONVERSION = YES;
				CLANG_WARN_DEPRECATED_OBJC_IMPLEMENTATIONS = YES;
				CLANG_WARN_DIRECT_OBJC_ISA_USAGE = YES_ERROR;
				CLANG_WARN_DOCUMENTATION_COMMENTS = YES;
				CLANG_WARN_EMPTY_BODY = YES;
				CLANG_WARN_ENUM_CONVERSION = YES;
				CLANG_WARN_INFINITE_RECURSION = YES;
				CLANG_WARN_INT_CONVERSION = YES;
				CLANG_WARN_NON_LITERAL_NULL_CONVERSION = YES;
				CLANG_WARN_OBJC_IMPLICIT_RETAIN_SELF = YES;
				CLANG_WARN_OBJC_LITERAL_CONVERSION = YES;
				CLANG_WARN_OBJC_ROOT_CLASS = YES_ERROR;
				CLANG_WARN_QUOTED_INCLUDE_IN_FRAMEWORK_HEADER = YES;
				CLANG_WARN_RANGE_LOOP_ANALYSIS = YES;
				CLANG_WARN_STRICT_PROTOTYPES = YES;
				CLANG_WARN_SUSPICIOUS_MOVE = YES;
				CLANG_WARN_UNGUARDED_AVAILABILITY = YES_AGGRESSIVE;
				CLANG_WARN_UNREACHABLE_CODE = YES;
				CLANG_WARN__DUPLICATE_METHOD_MATCH = YES;
				COPY_PHASE_STRIP = NO;
				DEBUG_INFORMATION_FORMAT = "dwarf-with-dsym";
				ENABLE_NS_ASSERTIONS = NO;
				ENABLE_STRICT_OBJC_MSGSEND = YES;
				GCC_C_LANGUAGE_STANDARD = gnu11;
				GCC_NO_COMMON_BLOCKS = YES;
				GCC_WARN_64_TO_32_BIT_CONVERSION = YES;
				GCC_WARN_ABOUT_RETURN_TYPE = YES_ERROR;
				GCC_WARN_UNDECLARED_SELECTOR = YES;
				GCC_WARN_UNINITIALIZED_AUTOS = YES_AGGRESSIVE;
				GCC_WARN_UNUSED_FUNCTION = YES;
				GCC_WARN_UNUSED_VARIABLE = YES;
				IPHONEOS_DEPLOYMENT_TARGET = 16.1;
				MTL_ENABLE_DEBUG_INFO = NO;
				MTL_FAST_MATH = YES;
				SDKROOT = iphoneos;
				SWIFT_COMPILATION_MODE = wholemodule;
				SWIFT_OPTIMIZATION_LEVEL = "-O";
				VALIDATE_PRODUCT = YES;
			};
			name = Release;
		};
		2DDB0DC52956349F00DA6B0C /* Debug */ = {
			isa = XCBuildConfiguration;
			baseConfigurationReference = A1809F09A43FAECD731E5DBF /* Pods-Billy.debug.xcconfig */;
			buildSettings = {
				ASSETCATALOG_COMPILER_APPICON_NAME = AppIcon;
				ASSETCATALOG_COMPILER_GLOBAL_ACCENT_COLOR_NAME = AccentColor;
				CODE_SIGN_STYLE = Automatic;
				CURRENT_PROJECT_VERSION = 1;
				DEVELOPMENT_ASSET_PATHS = "\"Billy/Preview Content\"";
				DEVELOPMENT_TEAM = 577NLUCH43;
				ENABLE_PREVIEWS = YES;
				GENERATE_INFOPLIST_FILE = YES;
				INFOPLIST_KEY_UIApplicationSceneManifest_Generation = YES;
				INFOPLIST_KEY_UIApplicationSupportsIndirectInputEvents = YES;
				INFOPLIST_KEY_UILaunchScreen_Generation = YES;
				INFOPLIST_KEY_UISupportedInterfaceOrientations = UIInterfaceOrientationPortrait;
				IPHONEOS_DEPLOYMENT_TARGET = 14.0;
				LD_RUNPATH_SEARCH_PATHS = (
					"$(inherited)",
					"@executable_path/Frameworks",
				);
				MARKETING_VERSION = 1.0;
				PRODUCT_BUNDLE_IDENTIFIER = com.nielworks.Billy;
				PRODUCT_NAME = "$(TARGET_NAME)";
				SUPPORTED_PLATFORMS = "iphoneos iphonesimulator";
				SUPPORTS_MACCATALYST = NO;
				SUPPORTS_MAC_DESIGNED_FOR_IPHONE_IPAD = NO;
				SWIFT_EMIT_LOC_STRINGS = YES;
				SWIFT_VERSION = 5.0;
				TARGETED_DEVICE_FAMILY = 1;
			};
			name = Debug;
		};
		2DDB0DC62956349F00DA6B0C /* Release */ = {
			isa = XCBuildConfiguration;
			baseConfigurationReference = 80A85B6D4D950BF60E005F3F /* Pods-Billy.release.xcconfig */;
			buildSettings = {
				ASSETCATALOG_COMPILER_APPICON_NAME = AppIcon;
				ASSETCATALOG_COMPILER_GLOBAL_ACCENT_COLOR_NAME = AccentColor;
				CODE_SIGN_STYLE = Automatic;
				CURRENT_PROJECT_VERSION = 1;
				DEVELOPMENT_ASSET_PATHS = "\"Billy/Preview Content\"";
				DEVELOPMENT_TEAM = 577NLUCH43;
				ENABLE_PREVIEWS = YES;
				GENERATE_INFOPLIST_FILE = YES;
				INFOPLIST_KEY_UIApplicationSceneManifest_Generation = YES;
				INFOPLIST_KEY_UIApplicationSupportsIndirectInputEvents = YES;
				INFOPLIST_KEY_UILaunchScreen_Generation = YES;
				INFOPLIST_KEY_UISupportedInterfaceOrientations = UIInterfaceOrientationPortrait;
				IPHONEOS_DEPLOYMENT_TARGET = 14.0;
				LD_RUNPATH_SEARCH_PATHS = (
					"$(inherited)",
					"@executable_path/Frameworks",
				);
				MARKETING_VERSION = 1.0;
				PRODUCT_BUNDLE_IDENTIFIER = com.nielworks.Billy;
				PRODUCT_NAME = "$(TARGET_NAME)";
				SUPPORTED_PLATFORMS = "iphoneos iphonesimulator";
				SUPPORTS_MACCATALYST = NO;
				SUPPORTS_MAC_DESIGNED_FOR_IPHONE_IPAD = NO;
				SWIFT_EMIT_LOC_STRINGS = YES;
				SWIFT_VERSION = 5.0;
				TARGETED_DEVICE_FAMILY = 1;
			};
			name = Release;
		};
/* End XCBuildConfiguration section */

/* Begin XCConfigurationList section */
		2DDB0DB12956349D00DA6B0C /* Build configuration list for PBXProject "Billy" */ = {
			isa = XCConfigurationList;
			buildConfigurations = (
				2DDB0DC22956349F00DA6B0C /* Debug */,
				2DDB0DC32956349F00DA6B0C /* Release */,
			);
			defaultConfigurationIsVisible = 0;
			defaultConfigurationName = Release;
		};
		2DDB0DC42956349F00DA6B0C /* Build configuration list for PBXNativeTarget "Billy" */ = {
			isa = XCConfigurationList;
			buildConfigurations = (
				2DDB0DC52956349F00DA6B0C /* Debug */,
				2DDB0DC62956349F00DA6B0C /* Release */,
			);
			defaultConfigurationIsVisible = 0;
			defaultConfigurationName = Release;
		};
/* End XCConfigurationList section */
	};
	rootObject = 2DDB0DAE2956349D00DA6B0C /* Project object */;
}
